
Microsoft Visual Studio Solution File, Format Version 12.00
# Visual Studio Version 16
VisualStudioVersion = 16.0.33801.447
MinimumVisualStudioVersion = 10.0.40219.1
Project("{FAE04EC0-301F-11D3-BF4B-00C04F79EFBC}") = "Pythontoday", "Pythontoday\Pythontoday.csproj", "{D18AF265-4D35-4882-B6C0-E4DE720BABB8}"
EndProject
Global
	GlobalSection(SolutionConfigurationPlatforms) = preSolution
		Debug|Any CPU = Debug|Any CPU
		Release|Any CPU = Release|Any CPU
	EndGlobalSection
	GlobalSection(ProjectConfigurationPlatforms) = postSolution
		{D18AF265-4D35-4882-B6C0-E4DE720BABB8}.Debug|Any CPU.ActiveCfg = Debug|Any CPU
		{D18AF265-4D35-4882-B6C0-E4DE720BABB8}.Debug|Any CPU.Build.0 = Debug|Any CPU
		{D18AF265-4D35-4882-B6C0-E4DE720BABB8}.Release|Any CPU.ActiveCfg = Release|Any CPU
		{D18AF265-4D35-4882-B6C0-E4DE720BABB8}.Release|Any CPU.Build.0 = Release|Any CPU
	EndGlobalSection
	GlobalSection(SolutionProperties) = preSolution
		HideSolutionNode = FALSE
	EndGlobalSection
	GlobalSection(ExtensibilityGlobals) = postSolution
		SolutionGuid = {962CB68C-6679-4F20-95D0-0340BED3E78B}
	EndGlobalSection
EndGlobal
